{
  "name": "playwright-poc",
  "version": "1.0.0",
  "lockfileVersion": 3,
  "requires": true,
  "packages": {
    "": {
      "name": "playwright-poc",
      "version": "1.0.0",
      "license": "ISC",
      "dependencies": {
        "node-2fa": "^2.0.3"
      },
      "devDependencies": {
        "@playwright/test": "^1.46.0",
        "@types/node": "^22.2.0"
      }
    },
    "node_modules/@playwright/test": {
      "version": "1.46.0",
      "resolved": "https://registry.npmjs.org/@playwright/test/-/test-1.46.0.tgz",
      "integrity": "sha512-/QYft5VArOrGRP5pgkrfKksqsKA6CEFyGQ/gjNe6q0y4tZ1aaPfq4gIjudr1s3D+pXyrPRdsy4opKDrjBabE5w==",
      "dev": true,
      "dependencies": {
        "playwright": "1.46.0"
      },
      "bin": {
        "playwright": "cli.js"
      },
      "engines": {
        "node": ">=18"
      }
    },
    "node_modules/@types/node": {
      "version": "22.2.0",
      "resolved": "https://registry.npmjs.org/@types/node/-/node-22.2.0.tgz",
      "integrity": "sha512-bm6EG6/pCpkxDf/0gDNDdtDILMOHgaQBVOJGdwsqClnxA3xL6jtMv76rLBc006RVMWbmaf0xbmom4Z/5o2nRkQ==",
      "dependencies": {
        "undici-types": "~6.13.0"
      }
    },
    "node_modules/@types/notp": {
      "version": "2.0.5",
      "resolved": "https://registry.npmjs.org/@types/notp/-/notp-2.0.5.tgz",
      "integrity": "sha512-ZsZS0PYUa6ZE4K3yOGerBvaxCp4ePf6ZmkFbPeilcqz2Ui/lmXox7KlRt7XZkXzqUgXhFLkc09ixyVmFLCU3gQ==",
      "dependencies": {
        "@types/node": "*"
      }
    },
    "node_modules/fsevents": {
      "version": "2.3.2",
      "resolved": "https://registry.npmjs.org/fsevents/-/fsevents-2.3.2.tgz",
      "integrity": "sha512-xiqMQR4xAeHTuB9uWm+fFRcIOgKBMiOBP+eXiyT7jsgVCq1bkVygt00oASowB7EdtpOHaaPgKt812P9ab+DDKA==",
      "dev": true,
      "hasInstallScript": true,
      "optional": true,
      "os": [
        "darwin"
      ],
      "engines": {
        "node": "^8.16.0 || ^10.6.0 || >=11.0.0"
      }
    },
    "node_modules/node-2fa": {
      "version": "2.0.3",
      "resolved": "https://registry.npmjs.org/node-2fa/-/node-2fa-2.0.3.tgz",
      "integrity": "sha512-PQldrOhjuoZyoydMvMSctllPN1ZPZ1/NwkEcgYwY9faVqE/OymxR+3awPpbWZxm6acLKqvmNqQmdqTsqYyflFw==",
      "dependencies": {
        "@types/notp": "^2.0.0",
        "notp": "^2.0.3",
        "thirty-two": "1.0.2",
        "tslib": "^2.1.0"
      }
    },
    "node_modules/notp": {
      "version": "2.0.3",
      "resolved": "https://registry.npmjs.org/notp/-/notp-2.0.3.tgz",
      "integrity": "sha512-oBig/2uqkjQ5AkBuw4QJYwkEWa/q+zHxI5/I5z6IeP2NT0alpJFsP/trrfCC+9xOAgQSZXssNi962kp5KBmypQ==",
      "engines": {
        "node": "> v0.6.0"
      }
    },
    "node_modules/playwright": {
      "version": "1.46.0",
      "resolved": "https://registry.npmjs.org/playwright/-/playwright-1.46.0.tgz",
      "integrity": "sha512-XYJ5WvfefWONh1uPAUAi0H2xXV5S3vrtcnXe6uAOgdGi3aSpqOSXX08IAjXW34xitfuOJsvXU5anXZxPSEQiJw==",
      "dev": true,
      "dependencies": {
        "playwright-core": "1.46.0"
      },
      "bin": {
        "playwright": "cli.js"
      },
      "engines": {
        "node": ">=18"
      },
      "optionalDependencies": {
        "fsevents": "2.3.2"
      }
    },
    "node_modules/playwright-core": {
      "version": "1.46.0",
      "resolved": "https://registry.npmjs.org/playwright-core/-/playwright-core-1.46.0.tgz",
      "integrity": "sha512-9Y/d5UIwuJk8t3+lhmMSAJyNP1BUC/DqP3cQJDQQL/oWqAiuPTLgy7Q5dzglmTLwcBRdetzgNM/gni7ckfTr6A==",
      "dev": true,
      "bin": {
        "playwright-core": "cli.js"
      },
      "engines": {
        "node": ">=18"
      }
    },
    "node_modules/thirty-two": {
      "version": "1.0.2",
      "resolved": "https://registry.npmjs.org/thirty-two/-/thirty-two-1.0.2.tgz",
      "integrity": "sha512-OEI0IWCe+Dw46019YLl6V10Us5bi574EvlJEOcAkB29IzQ/mYD1A6RyNHLjZPiHCmuodxvgF6U+vZO1L15lxVA==",
      "engines": {
        "node": ">=0.2.6"
      }
    },
    "node_modules/tslib": {
      "version": "2.6.3",
      "resolved": "https://registry.npmjs.org/tslib/-/tslib-2.6.3.tgz",
      "integrity": "sha512-xNvxJEOUiWPGhUuUdQgAJPKOOJfGnIyKySOc09XkKsgdUV/3E2zvwZYdejjmRgPCgcym1juLH3226yA7sEFJKQ=="
    },
    "node_modules/undici-types": {
      "version": "6.13.0",
      "resolved": "https://registry.npmjs.org/undici-types/-/undici-types-6.13.0.tgz",
      "integrity": "sha512-xtFJHudx8S2DSoujjMd1WeWvn7KKWFRESZTMeL1RptAYERu29D6jphMjjY+vn96jvN3kVPDNxU/E13VTaXj6jg=="
    }
  }
}
